
Microsoft Visual Studio Solution File, Format Version 12.00
# Visual Studio Version 16
VisualStudioVersion = 16.0.31729.503
MinimumVisualStudioVersion = 10.0.40219.1
Project("{FAE04EC0-301F-11D3-BF4B-00C04F79EFBC}") = "Attendance", "Attendance\Attendance.csproj", "{F4E5787C-5DDB-485C-BB73-BF240498813B}"
EndProject
Global
	GlobalSection(SolutionConfigurationPlatforms) = preSolution
		Debug|Any CPU = Debug|Any CPU
		Release|Any CPU = Release|Any CPU
	EndGlobalSection
	GlobalSection(ProjectConfigurationPlatforms) = postSolution
		{F4E5787C-5DDB-485C-BB73-BF240498813B}.Debug|Any CPU.ActiveCfg = Debug|Any CPU
		{F4E5787C-5DDB-485C-BB73-BF240498813B}.Debug|Any CPU.Build.0 = Debug|Any CPU
		{F4E5787C-5DDB-485C-BB73-BF240498813B}.Release|Any CPU.ActiveCfg = Release|Any CPU
		{F4E5787C-5DDB-485C-BB73-BF240498813B}.Release|Any CPU.Build.0 = Release|Any CPU
	EndGlobalSection
	GlobalSection(SolutionProperties) = preSolution
		HideSolutionNode = FALSE
	EndGlobalSection
	GlobalSection(ExtensibilityGlobals) = postSolution
		SolutionGuid = {679C6801-344D-4A54-8127-86B2C09B3DB7}
	EndGlobalSection
EndGlobal
